
Microsoft Visual Studio Solution File, Format Version 12.00
# Visual Studio Version 16
VisualStudioVersion = 16.0.810.11
MinimumVisualStudioVersion = 10.0.40219.1
Project("{FAE04EC0-301F-11D3-BF4B-00C04F79EFBC}") = "NetCoreApiWithAzurePipeline", "NetCoreApiWithAzurePipeline\NetCoreApiWithAzurePipeline.csproj", "{DAB3531D-47F1-4FED-A336-95BA9E3E58A8}"
EndProject
Global
	GlobalSection(SolutionConfigurationPlatforms) = preSolution
		Debug|Any CPU = Debug|Any CPU
		Release|Any CPU = Release|Any CPU
	EndGlobalSection
	GlobalSection(ProjectConfigurationPlatforms) = postSolution
		{DAB3531D-47F1-4FED-A336-95BA9E3E58A8}.Debug|Any CPU.ActiveCfg = Debug|Any CPU
		{DAB3531D-47F1-4FED-A336-95BA9E3E58A8}.Debug|Any CPU.Build.0 = Debug|Any CPU
		{DAB3531D-47F1-4FED-A336-95BA9E3E58A8}.Release|Any CPU.ActiveCfg = Release|Any CPU
		{DAB3531D-47F1-4FED-A336-95BA9E3E58A8}.Release|Any CPU.Build.0 = Release|Any CPU
	EndGlobalSection
	GlobalSection(SolutionProperties) = preSolution
		HideSolutionNode = FALSE
	EndGlobalSection
	GlobalSection(ExtensibilityGlobals) = postSolution
		SolutionGuid = {810F6CA1-95E0-4A3E-A668-9119C2B08766}
	EndGlobalSection
EndGlobal
